
Microsoft Visual Studio Solution File, Format Version 12.00
# Visual Studio Version 17
VisualStudioVersion = 17.4.33110.190
MinimumVisualStudioVersion = 10.0.40219.1
Project("{9A19103F-16F7-4668-BE54-9A1E7A4F7556}") = "InventoryMg.API", "InventoryMg.API\InventoryMg.API.csproj", "{B0223C32-67B7-4E6C-BB38-EA1F9D2DC22B}"
EndProject
Project("{9A19103F-16F7-4668-BE54-9A1E7A4F7556}") = "InventoryMg.BLL", "InventoryMg.BLL\InventoryMg.BLL.csproj", "{59711A06-FBF9-411C-AE13-D1775DEF75FE}"
EndProject
Project("{9A19103F-16F7-4668-BE54-9A1E7A4F7556}") = "InventoryMg.DAL", "InventoryMg.DAL\InventoryMg.DAL.csproj", "{BDFD31AE-1A7B-4075-811E-13136110B1D3}"
EndProject
Project("{2150E333-8FDC-42A3-9474-1A3956D46DE8}") = "src", "src", "{817AD45A-182B-44F1-9568-41E4C9199C11}"
EndProject
Project("{2150E333-8FDC-42A3-9474-1A3956D46DE8}") = "test", "test", "{C26D9410-21FF-4BF7-89C9-96939BFF6CAF}"
EndProject
Project("{9A19103F-16F7-4668-BE54-9A1E7A4F7556}") = "InventoryMg.API.Test", "test\InventoryMg.API.Test\InventoryMg.API.Test.csproj", "{26B199D9-2115-40F7-B6B1-0D459BEB160B}"
EndProject
Project("{FAE04EC0-301F-11D3-BF4B-00C04F79EFBC}") = "InventoryMg.BLL.Test", "test\InventoryMg.BLL.Test\InventoryMg.BLL.Test.csproj", "{68611324-42A7-4DA8-97C5-D97F372D525B}"
EndProject
Global
	GlobalSection(SolutionConfigurationPlatforms) = preSolution
		Debug|Any CPU = Debug|Any CPU
		Release|Any CPU = Release|Any CPU
	EndGlobalSection
	GlobalSection(ProjectConfigurationPlatforms) = postSolution
		{B0223C32-67B7-4E6C-BB38-EA1F9D2DC22B}.Debug|Any CPU.ActiveCfg = Debug|Any CPU
		{B0223C32-67B7-4E6C-BB38-EA1F9D2DC22B}.Debug|Any CPU.Build.0 = Debug|Any CPU
		{B0223C32-67B7-4E6C-BB38-EA1F9D2DC22B}.Release|Any CPU.ActiveCfg = Release|Any CPU
		{B0223C32-67B7-4E6C-BB38-EA1F9D2DC22B}.Release|Any CPU.Build.0 = Release|Any CPU
		{59711A06-FBF9-411C-AE13-D1775DEF75FE}.Debug|Any CPU.ActiveCfg = Debug|Any CPU
		{59711A06-FBF9-411C-AE13-D1775DEF75FE}.Debug|Any CPU.Build.0 = Debug|Any CPU
		{59711A06-FBF9-411C-AE13-D1775DEF75FE}.Release|Any CPU.ActiveCfg = Release|Any CPU
		{59711A06-FBF9-411C-AE13-D1775DEF75FE}.Release|Any CPU.Build.0 = Release|Any CPU
		{BDFD31AE-1A7B-4075-811E-13136110B1D3}.Debug|Any CPU.ActiveCfg = Debug|Any CPU
		{BDFD31AE-1A7B-4075-811E-13136110B1D3}.Debug|Any CPU.Build.0 = Debug|Any CPU
		{BDFD31AE-1A7B-4075-811E-13136110B1D3}.Release|Any CPU.ActiveCfg = Release|Any CPU
		{BDFD31AE-1A7B-4075-811E-13136110B1D3}.Release|Any CPU.Build.0 = Release|Any CPU
		{26B199D9-2115-40F7-B6B1-0D459BEB160B}.Debug|Any CPU.ActiveCfg = Debug|Any CPU
		{26B199D9-2115-40F7-B6B1-0D459BEB160B}.Debug|Any CPU.Build.0 = Debug|Any CPU
		{26B199D9-2115-40F7-B6B1-0D459BEB160B}.Release|Any CPU.ActiveCfg = Release|Any CPU
		{26B199D9-2115-40F7-B6B1-0D459BEB160B}.Release|Any CPU.Build.0 = Release|Any CPU
		{68611324-42A7-4DA8-97C5-D97F372D525B}.Debug|Any CPU.ActiveCfg = Debug|Any CPU
		{68611324-42A7-4DA8-97C5-D97F372D525B}.Debug|Any CPU.Build.0 = Debug|Any CPU
		{68611324-42A7-4DA8-97C5-D97F372D525B}.Release|Any CPU.ActiveCfg = Release|Any CPU
		{68611324-42A7-4DA8-97C5-D97F372D525B}.Release|Any CPU.Build.0 = Release|Any CPU
	EndGlobalSection
	GlobalSection(SolutionProperties) = preSolution
		HideSolutionNode = FALSE
	EndGlobalSection
	GlobalSection(NestedProjects) = preSolution
		{B0223C32-67B7-4E6C-BB38-EA1F9D2DC22B} = {817AD45A-182B-44F1-9568-41E4C9199C11}
		{59711A06-FBF9-411C-AE13-D1775DEF75FE} = {817AD45A-182B-44F1-9568-41E4C9199C11}
		{BDFD31AE-1A7B-4075-811E-13136110B1D3} = {817AD45A-182B-44F1-9568-41E4C9199C11}
		{26B199D9-2115-40F7-B6B1-0D459BEB160B} = {C26D9410-21FF-4BF7-89C9-96939BFF6CAF}
		{68611324-42A7-4DA8-97C5-D97F372D525B} = {C26D9410-21FF-4BF7-89C9-96939BFF6CAF}
	EndGlobalSection
	GlobalSection(ExtensibilityGlobals) = postSolution
		SolutionGuid = {30CEEDC0-05EE-4049-99B7-3A309BD3181A}
	EndGlobalSection
EndGlobal
